
Microsoft Visual Studio Solution File, Format Version 12.00
# Visual Studio Version 17
VisualStudioVersion = 17.0.31903.59
MinimumVisualStudioVersion = 10.0.40219.1
Project("{9A19103F-16F7-4668-BE54-9A1E7A4F7556}") = "Seq2SeqSharp", "Seq2SeqSharp\Seq2SeqSharp.csproj", "{6B096832-E138-4C53-8930-2BB6F78C57F6}"
EndProject
Project("{9A19103F-16F7-4668-BE54-9A1E7A4F7556}") = "Seq2SeqConsole", "Tools\Seq2SeqConsole\Seq2SeqConsole.csproj", "{01D50B42-415C-4E85-860D-DBBC4A759649}"
EndProject
Project("{2150E333-8FDC-42A3-9474-1A3956D46DE8}") = "Solution Items", "Solution Items", "{9D039B55-012C-49D6-AE5C-E6B4D94697E9}"
	ProjectSection(SolutionItems) = preProject
		Images\FictionGeneration.gif = Images\FictionGeneration.gif
		Images\FictionGeneration_enu.gif = Images\FictionGeneration_enu.gif
		LICENSE = LICENSE
		Images\medicalQA_demo1.gif = Images\medicalQA_demo1.gif
		NetworkViz.png = NetworkViz.png
		Overview.jpg = Overview.jpg
		README.md = README.md
		Seq2SeqClassificationModel.jpeg = Seq2SeqClassificationModel.jpeg
		Seq2SeqModel.jpeg = Seq2SeqModel.jpeg
		SeqClassificationModel.jpeg = SeqClassificationModel.jpeg
		TagEmbeddings.jpeg = TagEmbeddings.jpeg
	EndProjectSection
EndProject
Project("{9A19103F-16F7-4668-BE54-9A1E7A4F7556}") = "TensorSharp", "TensorSharp\TensorSharp.csproj", "{75332198-952C-48DE-9F2B-21F49BC68ED2}"
EndProject
Project("{9A19103F-16F7-4668-BE54-9A1E7A4F7556}") = "TensorSharp.CUDA", "TensorSharp.CUDA\TensorSharp.CUDA.csproj", "{95890D35-0FE3-4A20-8260-E9829A636EB1}"
EndProject
Project("{8BC9CEB8-8B4A-11D0-8D11-00A0C91BC942}") = "CpuOps", "CpuOps\CpuOps.vcxproj", "{920E488B-9DDE-4AC0-863D-448645F9A15D}"
EndProject
Project("{9A19103F-16F7-4668-BE54-9A1E7A4F7556}") = "SeqLabelConsole", "Tools\SeqLabelConsole\SeqLabelConsole.csproj", "{D54B896D-B353-4D1D-8449-83A38F0097AD}"
EndProject
Project("{9A19103F-16F7-4668-BE54-9A1E7A4F7556}") = "SeqClassificationConsole", "Tools\SeqClassificationConsole\SeqClassificationConsole.csproj", "{0FE4AB2B-DD9A-4BB5-B1BE-825F05D26998}"
EndProject
Project("{9A19103F-16F7-4668-BE54-9A1E7A4F7556}") = "Seq2SeqClassificationConsole", "Tools\Seq2SeqClassificationConsole\Seq2SeqClassificationConsole.csproj", "{AA0B87F0-F5FF-4AA2-B481-124F426EAE74}"
EndProject
Project("{9A19103F-16F7-4668-BE54-9A1E7A4F7556}") = "SeqSimilarityConsole", "Tools\SeqSimilarityConsole\SeqSimilarityConsole.csproj", "{2ABB8409-AA2B-46E9-9B7F-87C548201B4B}"
EndProject
Project("{2150E333-8FDC-42A3-9474-1A3956D46DE8}") = "Tools", "Tools", "{C2DFE174-7167-41D4-A8D2-EC8DC54AA71E}"
EndProject
Project("{9A19103F-16F7-4668-BE54-9A1E7A4F7556}") = "SeqWebAPIs", "Tools\SeqWebAPIs\SeqWebAPIs.csproj", "{26272325-E3CD-4B9B-9A6D-043607E7DA6C}"
EndProject
Project("{9A19103F-16F7-4668-BE54-9A1E7A4F7556}") = "AdvUtils", "AdvUtils\AdvUtils.csproj", "{B0B19B7E-FE8E-4CF9-B6A1-4EF9926DFFB3}"
EndProject
Project("{2150E333-8FDC-42A3-9474-1A3956D46DE8}") = "Tests", "Tests", "{22BAD359-B5F0-4A7C-A313-CC8F01B49FE9}"
EndProject
Project("{9A19103F-16F7-4668-BE54-9A1E7A4F7556}") = "Seq2SeqSharp.Tests", "Tests\Seq2SeqSharp.Tests\Seq2SeqSharp.Tests.csproj", "{8EAD509F-0740-4435-AC3A-11E6AE6864C9}"
EndProject
Project("{9A19103F-16F7-4668-BE54-9A1E7A4F7556}") = "SeqWebApps", "Tools\SeqWebApps\SeqWebApps.csproj", "{0E14AD11-A23C-45EC-8C3C-165E9B6B07E3}"
EndProject
Project("{9A19103F-16F7-4668-BE54-9A1E7A4F7556}") = "SeqDictMatchConsole", "Tools\SeqDictMatchConsole\SeqDictMatchConsole.csproj", "{2E076AAD-CBED-4AA0-B1F6-603D57FE5F5A}"
EndProject
Project("{2150E333-8FDC-42A3-9474-1A3956D46DE8}") = "ExternalProjects", "ExternalProjects", "{C15C991E-2657-4CF3-A976-84334A25DBD2}"
EndProject
Project("{9A19103F-16F7-4668-BE54-9A1E7A4F7556}") = "ManagedCuda.netCore", "ExternalProjects\managedCuda\ManagedCUDA\ManagedCuda.netCore.csproj", "{EDD8E717-C0C4-4A2A-A33F-3968552F0CF1}"
EndProject
Project("{9A19103F-16F7-4668-BE54-9A1E7A4F7556}") = "CudaBlas.netCore", "ExternalProjects\managedCuda\CudaBlas\CudaBlas.netCore.csproj", "{257A9D68-10E2-40CC-9BB4-7DC2038FEBEE}"
EndProject
Project("{9A19103F-16F7-4668-BE54-9A1E7A4F7556}") = "CudaRand.netCore", "ExternalProjects\managedCuda\CudaRand\CudaRand.netCore.csproj", "{2DDDB48D-F912-4362-BF00-91F438009EAE}"
EndProject
Project("{9A19103F-16F7-4668-BE54-9A1E7A4F7556}") = "NVRTC.netCore", "ExternalProjects\managedCuda\NVRTC\NVRTC.netCore.csproj", "{DFEE8ACE-4935-40D1-8B9B-1E9F7FFC6FAE}"
EndProject
Project("{9A19103F-16F7-4668-BE54-9A1E7A4F7556}") = "GPTConsole", "Tools\GPTConsole\GPTConsole.csproj", "{4DBA9DDA-569C-4F31-9C98-84837D2F8148}"
EndProject
Project("{2150E333-8FDC-42A3-9474-1A3956D46DE8}") = "PythonPackage", "PythonPackage", "{9E288174-DDC9-4B77-97B8-A8E010228983}"
	ProjectSection(SolutionItems) = preProject
		PyPackage\LICENSE = PyPackage\LICENSE
		PyPackage\README.md = PyPackage\README.md
		PyPackage\setup.py = PyPackage\setup.py
		PyPackage\testGPT.py = PyPackage\testGPT.py
		PyPackage\testSeq2Seq.py = PyPackage\testSeq2Seq.py
		PyPackage\trainGPT.py = PyPackage\trainGPT.py
		PyPackage\trainSeq2Seq.py = PyPackage\trainSeq2Seq.py
		PyPackage\Seq2SeqSharp\__init__.py = PyPackage\Seq2SeqSharp\__init__.py
	EndProjectSection
EndProject
Global
	GlobalSection(SolutionConfigurationPlatforms) = preSolution
		Debug|Any CPU = Debug|Any CPU
		Release|Any CPU = Release|Any CPU
		ReleaseCpuOnly|Any CPU = ReleaseCpuOnly|Any CPU
	EndGlobalSection
	GlobalSection(ProjectConfigurationPlatforms) = postSolution
		{6B096832-E138-4C53-8930-2BB6F78C57F6}.Debug|Any CPU.ActiveCfg = Debug|Any CPU
		{6B096832-E138-4C53-8930-2BB6F78C57F6}.Debug|Any CPU.Build.0 = Debug|Any CPU
		{6B096832-E138-4C53-8930-2BB6F78C57F6}.Release|Any CPU.ActiveCfg = Release|Any CPU
		{6B096832-E138-4C53-8930-2BB6F78C57F6}.Release|Any CPU.Build.0 = Release|Any CPU
		{6B096832-E138-4C53-8930-2BB6F78C57F6}.ReleaseCpuOnly|Any CPU.ActiveCfg = Release|Any CPU
		{6B096832-E138-4C53-8930-2BB6F78C57F6}.ReleaseCpuOnly|Any CPU.Build.0 = Release|Any CPU
		{01D50B42-415C-4E85-860D-DBBC4A759649}.Debug|Any CPU.ActiveCfg = Debug|Any CPU
		{01D50B42-415C-4E85-860D-DBBC4A759649}.Debug|Any CPU.Build.0 = Debug|Any CPU
		{01D50B42-415C-4E85-860D-DBBC4A759649}.Release|Any CPU.ActiveCfg = Release|Any CPU
		{01D50B42-415C-4E85-860D-DBBC4A759649}.Release|Any CPU.Build.0 = Release|Any CPU
		{01D50B42-415C-4E85-860D-DBBC4A759649}.ReleaseCpuOnly|Any CPU.ActiveCfg = Release|Any CPU
		{01D50B42-415C-4E85-860D-DBBC4A759649}.ReleaseCpuOnly|Any CPU.Build.0 = Release|Any CPU
		{75332198-952C-48DE-9F2B-21F49BC68ED2}.Debug|Any CPU.ActiveCfg = Debug|Any CPU
		{75332198-952C-48DE-9F2B-21F49BC68ED2}.Debug|Any CPU.Build.0 = Debug|Any CPU
		{75332198-952C-48DE-9F2B-21F49BC68ED2}.Release|Any CPU.ActiveCfg = Release|Any CPU
		{75332198-952C-48DE-9F2B-21F49BC68ED2}.Release|Any CPU.Build.0 = Release|Any CPU
		{75332198-952C-48DE-9F2B-21F49BC68ED2}.ReleaseCpuOnly|Any CPU.ActiveCfg = Release|Any CPU
		{75332198-952C-48DE-9F2B-21F49BC68ED2}.ReleaseCpuOnly|Any CPU.Build.0 = Release|Any CPU
		{95890D35-0FE3-4A20-8260-E9829A636EB1}.Debug|Any CPU.ActiveCfg = Debug|Any CPU
		{95890D35-0FE3-4A20-8260-E9829A636EB1}.Debug|Any CPU.Build.0 = Debug|Any CPU
		{95890D35-0FE3-4A20-8260-E9829A636EB1}.Release|Any CPU.ActiveCfg = Release|Any CPU
		{95890D35-0FE3-4A20-8260-E9829A636EB1}.Release|Any CPU.Build.0 = Release|Any CPU
		{95890D35-0FE3-4A20-8260-E9829A636EB1}.ReleaseCpuOnly|Any CPU.ActiveCfg = Release|Any CPU
		{95890D35-0FE3-4A20-8260-E9829A636EB1}.ReleaseCpuOnly|Any CPU.Build.0 = Release|Any CPU
		{920E488B-9DDE-4AC0-863D-448645F9A15D}.Debug|Any CPU.ActiveCfg = Debug|Win32
		{920E488B-9DDE-4AC0-863D-448645F9A15D}.Release|Any CPU.ActiveCfg = Release|Win32
		{920E488B-9DDE-4AC0-863D-448645F9A15D}.ReleaseCpuOnly|Any CPU.ActiveCfg = ReleaseCpuOnly|Win32
		{D54B896D-B353-4D1D-8449-83A38F0097AD}.Debug|Any CPU.ActiveCfg = Debug|Any CPU
		{D54B896D-B353-4D1D-8449-83A38F0097AD}.Debug|Any CPU.Build.0 = Debug|Any CPU
		{D54B896D-B353-4D1D-8449-83A38F0097AD}.Release|Any CPU.ActiveCfg = Release|Any CPU
		{D54B896D-B353-4D1D-8449-83A38F0097AD}.Release|Any CPU.Build.0 = Release|Any CPU
		{D54B896D-B353-4D1D-8449-83A38F0097AD}.ReleaseCpuOnly|Any CPU.ActiveCfg = Release|Any CPU
		{D54B896D-B353-4D1D-8449-83A38F0097AD}.ReleaseCpuOnly|Any CPU.Build.0 = Release|Any CPU
		{0FE4AB2B-DD9A-4BB5-B1BE-825F05D26998}.Debug|Any CPU.ActiveCfg = Debug|Any CPU
		{0FE4AB2B-DD9A-4BB5-B1BE-825F05D26998}.Debug|Any CPU.Build.0 = Debug|Any CPU
		{0FE4AB2B-DD9A-4BB5-B1BE-825F05D26998}.Release|Any CPU.ActiveCfg = Release|Any CPU
		{0FE4AB2B-DD9A-4BB5-B1BE-825F05D26998}.Release|Any CPU.Build.0 = Release|Any CPU
		{0FE4AB2B-DD9A-4BB5-B1BE-825F05D26998}.ReleaseCpuOnly|Any CPU.ActiveCfg = Release|Any CPU
		{0FE4AB2B-DD9A-4BB5-B1BE-825F05D26998}.ReleaseCpuOnly|Any CPU.Build.0 = Release|Any CPU
		{AA0B87F0-F5FF-4AA2-B481-124F426EAE74}.Debug|Any CPU.ActiveCfg = Debug|Any CPU
		{AA0B87F0-F5FF-4AA2-B481-124F426EAE74}.Debug|Any CPU.Build.0 = Debug|Any CPU
		{AA0B87F0-F5FF-4AA2-B481-124F426EAE74}.Release|Any CPU.ActiveCfg = Release|Any CPU
		{AA0B87F0-F5FF-4AA2-B481-124F426EAE74}.Release|Any CPU.Build.0 = Release|Any CPU
		{AA0B87F0-F5FF-4AA2-B481-124F426EAE74}.ReleaseCpuOnly|Any CPU.ActiveCfg = Release|Any CPU
		{AA0B87F0-F5FF-4AA2-B481-124F426EAE74}.ReleaseCpuOnly|Any CPU.Build.0 = Release|Any CPU
		{2ABB8409-AA2B-46E9-9B7F-87C548201B4B}.Debug|Any CPU.ActiveCfg = Debug|Any CPU
		{2ABB8409-AA2B-46E9-9B7F-87C548201B4B}.Debug|Any CPU.Build.0 = Debug|Any CPU
		{2ABB8409-AA2B-46E9-9B7F-87C548201B4B}.Release|Any CPU.ActiveCfg = Release|Any CPU
		{2ABB8409-AA2B-46E9-9B7F-87C548201B4B}.Release|Any CPU.Build.0 = Release|Any CPU
		{2ABB8409-AA2B-46E9-9B7F-87C548201B4B}.ReleaseCpuOnly|Any CPU.ActiveCfg = Release|Any CPU
		{2ABB8409-AA2B-46E9-9B7F-87C548201B4B}.ReleaseCpuOnly|Any CPU.Build.0 = Release|Any CPU
		{26272325-E3CD-4B9B-9A6D-043607E7DA6C}.Debug|Any CPU.ActiveCfg = Debug|Any CPU
		{26272325-E3CD-4B9B-9A6D-043607E7DA6C}.Debug|Any CPU.Build.0 = Debug|Any CPU
		{26272325-E3CD-4B9B-9A6D-043607E7DA6C}.Release|Any CPU.ActiveCfg = Release|Any CPU
		{26272325-E3CD-4B9B-9A6D-043607E7DA6C}.Release|Any CPU.Build.0 = Release|Any CPU
		{26272325-E3CD-4B9B-9A6D-043607E7DA6C}.ReleaseCpuOnly|Any CPU.ActiveCfg = Release|Any CPU
		{26272325-E3CD-4B9B-9A6D-043607E7DA6C}.ReleaseCpuOnly|Any CPU.Build.0 = Release|Any CPU
		{B0B19B7E-FE8E-4CF9-B6A1-4EF9926DFFB3}.Debug|Any CPU.ActiveCfg = Debug|Any CPU
		{B0B19B7E-FE8E-4CF9-B6A1-4EF9926DFFB3}.Debug|Any CPU.Build.0 = Debug|Any CPU
		{B0B19B7E-FE8E-4CF9-B6A1-4EF9926DFFB3}.Release|Any CPU.ActiveCfg = Release|Any CPU
		{B0B19B7E-FE8E-4CF9-B6A1-4EF9926DFFB3}.Release|Any CPU.Build.0 = Release|Any CPU
		{B0B19B7E-FE8E-4CF9-B6A1-4EF9926DFFB3}.ReleaseCpuOnly|Any CPU.ActiveCfg = Release|Any CPU
		{B0B19B7E-FE8E-4CF9-B6A1-4EF9926DFFB3}.ReleaseCpuOnly|Any CPU.Build.0 = Release|Any CPU
		{8EAD509F-0740-4435-AC3A-11E6AE6864C9}.Debug|Any CPU.ActiveCfg = Debug|Any CPU
		{8EAD509F-0740-4435-AC3A-11E6AE6864C9}.Debug|Any CPU.Build.0 = Debug|Any CPU
		{8EAD509F-0740-4435-AC3A-11E6AE6864C9}.Release|Any CPU.ActiveCfg = Release|Any CPU
		{8EAD509F-0740-4435-AC3A-11E6AE6864C9}.Release|Any CPU.Build.0 = Release|Any CPU
		{8EAD509F-0740-4435-AC3A-11E6AE6864C9}.ReleaseCpuOnly|Any CPU.ActiveCfg = Release|Any CPU
		{8EAD509F-0740-4435-AC3A-11E6AE6864C9}.ReleaseCpuOnly|Any CPU.Build.0 = Release|Any CPU
		{0E14AD11-A23C-45EC-8C3C-165E9B6B07E3}.Debug|Any CPU.ActiveCfg = Debug|Any CPU
		{0E14AD11-A23C-45EC-8C3C-165E9B6B07E3}.Debug|Any CPU.Build.0 = Debug|Any CPU
		{0E14AD11-A23C-45EC-8C3C-165E9B6B07E3}.Release|Any CPU.ActiveCfg = Release|Any CPU
		{0E14AD11-A23C-45EC-8C3C-165E9B6B07E3}.Release|Any CPU.Build.0 = Release|Any CPU
		{0E14AD11-A23C-45EC-8C3C-165E9B6B07E3}.ReleaseCpuOnly|Any CPU.ActiveCfg = Release|Any CPU
		{0E14AD11-A23C-45EC-8C3C-165E9B6B07E3}.ReleaseCpuOnly|Any CPU.Build.0 = Release|Any CPU
		{2E076AAD-CBED-4AA0-B1F6-603D57FE5F5A}.Debug|Any CPU.ActiveCfg = Debug|Any CPU
		{2E076AAD-CBED-4AA0-B1F6-603D57FE5F5A}.Debug|Any CPU.Build.0 = Debug|Any CPU
		{2E076AAD-CBED-4AA0-B1F6-603D57FE5F5A}.Release|Any CPU.ActiveCfg = Release|Any CPU
		{2E076AAD-CBED-4AA0-B1F6-603D57FE5F5A}.Release|Any CPU.Build.0 = Release|Any CPU
		{2E076AAD-CBED-4AA0-B1F6-603D57FE5F5A}.ReleaseCpuOnly|Any CPU.ActiveCfg = Release|Any CPU
		{2E076AAD-CBED-4AA0-B1F6-603D57FE5F5A}.ReleaseCpuOnly|Any CPU.Build.0 = Release|Any CPU
		{EDD8E717-C0C4-4A2A-A33F-3968552F0CF1}.Debug|Any CPU.ActiveCfg = Debug|Any CPU
		{EDD8E717-C0C4-4A2A-A33F-3968552F0CF1}.Debug|Any CPU.Build.0 = Debug|Any CPU
		{EDD8E717-C0C4-4A2A-A33F-3968552F0CF1}.Release|Any CPU.ActiveCfg = Release|Any CPU
		{EDD8E717-C0C4-4A2A-A33F-3968552F0CF1}.Release|Any CPU.Build.0 = Release|Any CPU
		{EDD8E717-C0C4-4A2A-A33F-3968552F0CF1}.ReleaseCpuOnly|Any CPU.ActiveCfg = Release|Any CPU
		{EDD8E717-C0C4-4A2A-A33F-3968552F0CF1}.ReleaseCpuOnly|Any CPU.Build.0 = Release|Any CPU
		{257A9D68-10E2-40CC-9BB4-7DC2038FEBEE}.Debug|Any CPU.ActiveCfg = Debug|Any CPU
		{257A9D68-10E2-40CC-9BB4-7DC2038FEBEE}.Debug|Any CPU.Build.0 = Debug|Any CPU
		{257A9D68-10E2-40CC-9BB4-7DC2038FEBEE}.Release|Any CPU.ActiveCfg = Release|Any CPU
		{257A9D68-10E2-40CC-9BB4-7DC2038FEBEE}.Release|Any CPU.Build.0 = Release|Any CPU
		{257A9D68-10E2-40CC-9BB4-7DC2038FEBEE}.ReleaseCpuOnly|Any CPU.ActiveCfg = Release|Any CPU
		{257A9D68-10E2-40CC-9BB4-7DC2038FEBEE}.ReleaseCpuOnly|Any CPU.Build.0 = Release|Any CPU
		{2DDDB48D-F912-4362-BF00-91F438009EAE}.Debug|Any CPU.ActiveCfg = Debug|Any CPU
		{2DDDB48D-F912-4362-BF00-91F438009EAE}.Debug|Any CPU.Build.0 = Debug|Any CPU
		{2DDDB48D-F912-4362-BF00-91F438009EAE}.Release|Any CPU.ActiveCfg = Release|Any CPU
		{2DDDB48D-F912-4362-BF00-91F438009EAE}.Release|Any CPU.Build.0 = Release|Any CPU
		{2DDDB48D-F912-4362-BF00-91F438009EAE}.ReleaseCpuOnly|Any CPU.ActiveCfg = Release|Any CPU
		{2DDDB48D-F912-4362-BF00-91F438009EAE}.ReleaseCpuOnly|Any CPU.Build.0 = Release|Any CPU
		{DFEE8ACE-4935-40D1-8B9B-1E9F7FFC6FAE}.Debug|Any CPU.ActiveCfg = Debug|Any CPU
		{DFEE8ACE-4935-40D1-8B9B-1E9F7FFC6FAE}.Debug|Any CPU.Build.0 = Debug|Any CPU
		{DFEE8ACE-4935-40D1-8B9B-1E9F7FFC6FAE}.Release|Any CPU.ActiveCfg = Release|Any CPU
		{DFEE8ACE-4935-40D1-8B9B-1E9F7FFC6FAE}.Release|Any CPU.Build.0 = Release|Any CPU
		{DFEE8ACE-4935-40D1-8B9B-1E9F7FFC6FAE}.ReleaseCpuOnly|Any CPU.ActiveCfg = Release|Any CPU
		{DFEE8ACE-4935-40D1-8B9B-1E9F7FFC6FAE}.ReleaseCpuOnly|Any CPU.Build.0 = Release|Any CPU
		{4DBA9DDA-569C-4F31-9C98-84837D2F8148}.Debug|Any CPU.ActiveCfg = Debug|Any CPU
		{4DBA9DDA-569C-4F31-9C98-84837D2F8148}.Debug|Any CPU.Build.0 = Debug|Any CPU
		{4DBA9DDA-569C-4F31-9C98-84837D2F8148}.Release|Any CPU.ActiveCfg = Release|Any CPU
		{4DBA9DDA-569C-4F31-9C98-84837D2F8148}.Release|Any CPU.Build.0 = Release|Any CPU
		{4DBA9DDA-569C-4F31-9C98-84837D2F8148}.ReleaseCpuOnly|Any CPU.ActiveCfg = Release|Any CPU
		{4DBA9DDA-569C-4F31-9C98-84837D2F8148}.ReleaseCpuOnly|Any CPU.Build.0 = Release|Any CPU
	EndGlobalSection
	GlobalSection(SolutionProperties) = preSolution
		HideSolutionNode = FALSE
	EndGlobalSection
	GlobalSection(NestedProjects) = preSolution
		{01D50B42-415C-4E85-860D-DBBC4A759649} = {C2DFE174-7167-41D4-A8D2-EC8DC54AA71E}
		{D54B896D-B353-4D1D-8449-83A38F0097AD} = {C2DFE174-7167-41D4-A8D2-EC8DC54AA71E}
		{0FE4AB2B-DD9A-4BB5-B1BE-825F05D26998} = {C2DFE174-7167-41D4-A8D2-EC8DC54AA71E}
		{AA0B87F0-F5FF-4AA2-B481-124F426EAE74} = {C2DFE174-7167-41D4-A8D2-EC8DC54AA71E}
		{2ABB8409-AA2B-46E9-9B7F-87C548201B4B} = {C2DFE174-7167-41D4-A8D2-EC8DC54AA71E}
		{26272325-E3CD-4B9B-9A6D-043607E7DA6C} = {C2DFE174-7167-41D4-A8D2-EC8DC54AA71E}
		{8EAD509F-0740-4435-AC3A-11E6AE6864C9} = {22BAD359-B5F0-4A7C-A313-CC8F01B49FE9}
		{0E14AD11-A23C-45EC-8C3C-165E9B6B07E3} = {C2DFE174-7167-41D4-A8D2-EC8DC54AA71E}
		{2E076AAD-CBED-4AA0-B1F6-603D57FE5F5A} = {C2DFE174-7167-41D4-A8D2-EC8DC54AA71E}
		{EDD8E717-C0C4-4A2A-A33F-3968552F0CF1} = {C15C991E-2657-4CF3-A976-84334A25DBD2}
		{257A9D68-10E2-40CC-9BB4-7DC2038FEBEE} = {C15C991E-2657-4CF3-A976-84334A25DBD2}
		{2DDDB48D-F912-4362-BF00-91F438009EAE} = {C15C991E-2657-4CF3-A976-84334A25DBD2}
		{DFEE8ACE-4935-40D1-8B9B-1E9F7FFC6FAE} = {C15C991E-2657-4CF3-A976-84334A25DBD2}
		{4DBA9DDA-569C-4F31-9C98-84837D2F8148} = {C2DFE174-7167-41D4-A8D2-EC8DC54AA71E}
	EndGlobalSection
	GlobalSection(ExtensibilityGlobals) = postSolution
		SolutionGuid = {CAE1535E-6AF4-4CD0-8E90-EBACD99D865A}
	EndGlobalSection
EndGlobal
