
Microsoft Visual Studio Solution File, Format Version 12.00
# Visual Studio Version 17
VisualStudioVersion = 17.0.31903.59
MinimumVisualStudioVersion = 10.0.40219.1
Project("{9A19103F-16F7-4668-BE54-9A1E7A4F7556}") = "Seq2SeqSharp", "Seq2SeqSharp\Seq2SeqSharp.csproj", "{6B096832-E138-4C53-8930-2BB6F78C57F6}"
EndProject
Project("{9A19103F-16F7-4668-BE54-9A1E7A4F7556}") = "Seq2SeqConsole", "Seq2SeqConsole\Seq2SeqConsole.csproj", "{01D50B42-415C-4E85-860D-DBBC4A759649}"
EndProject
Project("{2150E333-8FDC-42A3-9474-1A3956D46DE8}") = "Solution Items", "Solution Items", "{9D039B55-012C-49D6-AE5C-E6B4D94697E9}"
	ProjectSection(SolutionItems) = preProject
		LICENSE = LICENSE
		NetworkViz.png = NetworkViz.png
		Overview.jpg = Overview.jpg
		README.md = README.md
		Seq2SeqClassificationModel.jpeg = Seq2SeqClassificationModel.jpeg
		Seq2SeqModel.jpeg = Seq2SeqModel.jpeg
		SeqClassificationModel.jpeg = SeqClassificationModel.jpeg
	EndProjectSection
EndProject
Project("{9A19103F-16F7-4668-BE54-9A1E7A4F7556}") = "TensorSharp", "TensorSharp\TensorSharp.csproj", "{75332198-952C-48DE-9F2B-21F49BC68ED2}"
EndProject
Project("{9A19103F-16F7-4668-BE54-9A1E7A4F7556}") = "TensorSharp.CUDA", "TensorSharp.CUDA\TensorSharp.CUDA.csproj", "{95890D35-0FE3-4A20-8260-E9829A636EB1}"
EndProject
Project("{8BC9CEB8-8B4A-11D0-8D11-00A0C91BC942}") = "CpuOps", "CpuOps\CpuOps.vcxproj", "{920E488B-9DDE-4AC0-863D-448645F9A15D}"
EndProject
Project("{9A19103F-16F7-4668-BE54-9A1E7A4F7556}") = "SeqLabelConsole", "SeqLabelConsole\SeqLabelConsole.csproj", "{D54B896D-B353-4D1D-8449-83A38F0097AD}"
EndProject
Project("{9A19103F-16F7-4668-BE54-9A1E7A4F7556}") = "SeqClassificationConsole", "SeqClassificationConsole\SeqClassificationConsole.csproj", "{0FE4AB2B-DD9A-4BB5-B1BE-825F05D26998}"
EndProject
Project("{9A19103F-16F7-4668-BE54-9A1E7A4F7556}") = "Seq2SeqClassificationConsole", "Seq2SeqClassificationConsole\Seq2SeqClassificationConsole.csproj", "{AA0B87F0-F5FF-4AA2-B481-124F426EAE74}"
EndProject
Project("{9A19103F-16F7-4668-BE54-9A1E7A4F7556}") = "SeqSimilarityConsole", "SeqSimilarityConsole\SeqSimilarityConsole.csproj", "{2ABB8409-AA2B-46E9-9B7F-87C548201B4B}"
EndProject
Project("{2150E333-8FDC-42A3-9474-1A3956D46DE8}") = "Tools", "Tools", "{C2DFE174-7167-41D4-A8D2-EC8DC54AA71E}"
EndProject
Project("{9A19103F-16F7-4668-BE54-9A1E7A4F7556}") = "SeqWebAPIs", "SeqWebAPIs\SeqWebAPIs.csproj", "{26272325-E3CD-4B9B-9A6D-043607E7DA6C}"
EndProject
Project("{9A19103F-16F7-4668-BE54-9A1E7A4F7556}") = "AdvUtils", "AdvUtils\AdvUtils.csproj", "{B0B19B7E-FE8E-4CF9-B6A1-4EF9926DFFB3}"
EndProject
Project("{2150E333-8FDC-42A3-9474-1A3956D46DE8}") = "Tests", "Tests", "{22BAD359-B5F0-4A7C-A313-CC8F01B49FE9}"
EndProject
Project("{9A19103F-16F7-4668-BE54-9A1E7A4F7556}") = "Seq2SeqSharp.Tests", "Tests\Seq2SeqSharp.Tests\Seq2SeqSharp.Tests.csproj", "{8EAD509F-0740-4435-AC3A-11E6AE6864C9}"
EndProject
Global
	GlobalSection(SolutionConfigurationPlatforms) = preSolution
		Debug|Any CPU = Debug|Any CPU
		Debug|x64 = Debug|x64
		Debug|x86 = Debug|x86
		Release|Any CPU = Release|Any CPU
		Release|x64 = Release|x64
		Release|x86 = Release|x86
		ReleaseCpuOnly|Any CPU = ReleaseCpuOnly|Any CPU
		ReleaseCpuOnly|x64 = ReleaseCpuOnly|x64
		ReleaseCpuOnly|x86 = ReleaseCpuOnly|x86
	EndGlobalSection
	GlobalSection(ProjectConfigurationPlatforms) = postSolution
		{6B096832-E138-4C53-8930-2BB6F78C57F6}.Debug|Any CPU.ActiveCfg = Debug|Any CPU
		{6B096832-E138-4C53-8930-2BB6F78C57F6}.Debug|Any CPU.Build.0 = Debug|Any CPU
		{6B096832-E138-4C53-8930-2BB6F78C57F6}.Debug|x64.ActiveCfg = Debug|Any CPU
		{6B096832-E138-4C53-8930-2BB6F78C57F6}.Debug|x64.Build.0 = Debug|Any CPU
		{6B096832-E138-4C53-8930-2BB6F78C57F6}.Debug|x86.ActiveCfg = Debug|Any CPU
		{6B096832-E138-4C53-8930-2BB6F78C57F6}.Debug|x86.Build.0 = Debug|Any CPU
		{6B096832-E138-4C53-8930-2BB6F78C57F6}.Release|Any CPU.ActiveCfg = Release|Any CPU
		{6B096832-E138-4C53-8930-2BB6F78C57F6}.Release|Any CPU.Build.0 = Release|Any CPU
		{6B096832-E138-4C53-8930-2BB6F78C57F6}.Release|x64.ActiveCfg = Release|Any CPU
		{6B096832-E138-4C53-8930-2BB6F78C57F6}.Release|x64.Build.0 = Release|Any CPU
		{6B096832-E138-4C53-8930-2BB6F78C57F6}.Release|x86.ActiveCfg = Release|Any CPU
		{6B096832-E138-4C53-8930-2BB6F78C57F6}.Release|x86.Build.0 = Release|Any CPU
		{6B096832-E138-4C53-8930-2BB6F78C57F6}.ReleaseCpuOnly|Any CPU.ActiveCfg = Release|Any CPU
		{6B096832-E138-4C53-8930-2BB6F78C57F6}.ReleaseCpuOnly|Any CPU.Build.0 = Release|Any CPU
		{6B096832-E138-4C53-8930-2BB6F78C57F6}.ReleaseCpuOnly|x64.ActiveCfg = Release|Any CPU
		{6B096832-E138-4C53-8930-2BB6F78C57F6}.ReleaseCpuOnly|x64.Build.0 = Release|Any CPU
		{6B096832-E138-4C53-8930-2BB6F78C57F6}.ReleaseCpuOnly|x86.ActiveCfg = Release|Any CPU
		{6B096832-E138-4C53-8930-2BB6F78C57F6}.ReleaseCpuOnly|x86.Build.0 = Release|Any CPU
		{01D50B42-415C-4E85-860D-DBBC4A759649}.Debug|Any CPU.ActiveCfg = Debug|Any CPU
		{01D50B42-415C-4E85-860D-DBBC4A759649}.Debug|Any CPU.Build.0 = Debug|Any CPU
		{01D50B42-415C-4E85-860D-DBBC4A759649}.Debug|x64.ActiveCfg = Debug|Any CPU
		{01D50B42-415C-4E85-860D-DBBC4A759649}.Debug|x64.Build.0 = Debug|Any CPU
		{01D50B42-415C-4E85-860D-DBBC4A759649}.Debug|x86.ActiveCfg = Debug|Any CPU
		{01D50B42-415C-4E85-860D-DBBC4A759649}.Debug|x86.Build.0 = Debug|Any CPU
		{01D50B42-415C-4E85-860D-DBBC4A759649}.Release|Any CPU.ActiveCfg = Release|Any CPU
		{01D50B42-415C-4E85-860D-DBBC4A759649}.Release|Any CPU.Build.0 = Release|Any CPU
		{01D50B42-415C-4E85-860D-DBBC4A759649}.Release|x64.ActiveCfg = Release|Any CPU
		{01D50B42-415C-4E85-860D-DBBC4A759649}.Release|x64.Build.0 = Release|Any CPU
		{01D50B42-415C-4E85-860D-DBBC4A759649}.Release|x86.ActiveCfg = Release|Any CPU
		{01D50B42-415C-4E85-860D-DBBC4A759649}.Release|x86.Build.0 = Release|Any CPU
		{01D50B42-415C-4E85-860D-DBBC4A759649}.ReleaseCpuOnly|Any CPU.ActiveCfg = Release|Any CPU
		{01D50B42-415C-4E85-860D-DBBC4A759649}.ReleaseCpuOnly|Any CPU.Build.0 = Release|Any CPU
		{01D50B42-415C-4E85-860D-DBBC4A759649}.ReleaseCpuOnly|x64.ActiveCfg = Release|Any CPU
		{01D50B42-415C-4E85-860D-DBBC4A759649}.ReleaseCpuOnly|x64.Build.0 = Release|Any CPU
		{01D50B42-415C-4E85-860D-DBBC4A759649}.ReleaseCpuOnly|x86.ActiveCfg = Release|Any CPU
		{01D50B42-415C-4E85-860D-DBBC4A759649}.ReleaseCpuOnly|x86.Build.0 = Release|Any CPU
		{75332198-952C-48DE-9F2B-21F49BC68ED2}.Debug|Any CPU.ActiveCfg = Debug|Any CPU
		{75332198-952C-48DE-9F2B-21F49BC68ED2}.Debug|Any CPU.Build.0 = Debug|Any CPU
		{75332198-952C-48DE-9F2B-21F49BC68ED2}.Debug|x64.ActiveCfg = Debug|Any CPU
		{75332198-952C-48DE-9F2B-21F49BC68ED2}.Debug|x64.Build.0 = Debug|Any CPU
		{75332198-952C-48DE-9F2B-21F49BC68ED2}.Debug|x86.ActiveCfg = Debug|Any CPU
		{75332198-952C-48DE-9F2B-21F49BC68ED2}.Debug|x86.Build.0 = Debug|Any CPU
		{75332198-952C-48DE-9F2B-21F49BC68ED2}.Release|Any CPU.ActiveCfg = Release|Any CPU
		{75332198-952C-48DE-9F2B-21F49BC68ED2}.Release|Any CPU.Build.0 = Release|Any CPU
		{75332198-952C-48DE-9F2B-21F49BC68ED2}.Release|x64.ActiveCfg = Release|Any CPU
		{75332198-952C-48DE-9F2B-21F49BC68ED2}.Release|x64.Build.0 = Release|Any CPU
		{75332198-952C-48DE-9F2B-21F49BC68ED2}.Release|x86.ActiveCfg = Release|Any CPU
		{75332198-952C-48DE-9F2B-21F49BC68ED2}.Release|x86.Build.0 = Release|Any CPU
		{75332198-952C-48DE-9F2B-21F49BC68ED2}.ReleaseCpuOnly|Any CPU.ActiveCfg = Release|Any CPU
		{75332198-952C-48DE-9F2B-21F49BC68ED2}.ReleaseCpuOnly|Any CPU.Build.0 = Release|Any CPU
		{75332198-952C-48DE-9F2B-21F49BC68ED2}.ReleaseCpuOnly|x64.ActiveCfg = Release|Any CPU
		{75332198-952C-48DE-9F2B-21F49BC68ED2}.ReleaseCpuOnly|x64.Build.0 = Release|Any CPU
		{75332198-952C-48DE-9F2B-21F49BC68ED2}.ReleaseCpuOnly|x86.ActiveCfg = Release|Any CPU
		{75332198-952C-48DE-9F2B-21F49BC68ED2}.ReleaseCpuOnly|x86.Build.0 = Release|Any CPU
		{95890D35-0FE3-4A20-8260-E9829A636EB1}.Debug|Any CPU.ActiveCfg = Debug|Any CPU
		{95890D35-0FE3-4A20-8260-E9829A636EB1}.Debug|Any CPU.Build.0 = Debug|Any CPU
		{95890D35-0FE3-4A20-8260-E9829A636EB1}.Debug|x64.ActiveCfg = Debug|Any CPU
		{95890D35-0FE3-4A20-8260-E9829A636EB1}.Debug|x64.Build.0 = Debug|Any CPU
		{95890D35-0FE3-4A20-8260-E9829A636EB1}.Debug|x86.ActiveCfg = Debug|Any CPU
		{95890D35-0FE3-4A20-8260-E9829A636EB1}.Debug|x86.Build.0 = Debug|Any CPU
		{95890D35-0FE3-4A20-8260-E9829A636EB1}.Release|Any CPU.ActiveCfg = Release|Any CPU
		{95890D35-0FE3-4A20-8260-E9829A636EB1}.Release|Any CPU.Build.0 = Release|Any CPU
		{95890D35-0FE3-4A20-8260-E9829A636EB1}.Release|x64.ActiveCfg = Release|Any CPU
		{95890D35-0FE3-4A20-8260-E9829A636EB1}.Release|x64.Build.0 = Release|Any CPU
		{95890D35-0FE3-4A20-8260-E9829A636EB1}.Release|x86.ActiveCfg = Release|Any CPU
		{95890D35-0FE3-4A20-8260-E9829A636EB1}.Release|x86.Build.0 = Release|Any CPU
		{95890D35-0FE3-4A20-8260-E9829A636EB1}.ReleaseCpuOnly|Any CPU.ActiveCfg = Release|Any CPU
		{95890D35-0FE3-4A20-8260-E9829A636EB1}.ReleaseCpuOnly|Any CPU.Build.0 = Release|Any CPU
		{95890D35-0FE3-4A20-8260-E9829A636EB1}.ReleaseCpuOnly|x64.ActiveCfg = Release|Any CPU
		{95890D35-0FE3-4A20-8260-E9829A636EB1}.ReleaseCpuOnly|x64.Build.0 = Release|Any CPU
		{95890D35-0FE3-4A20-8260-E9829A636EB1}.ReleaseCpuOnly|x86.ActiveCfg = Release|Any CPU
		{95890D35-0FE3-4A20-8260-E9829A636EB1}.ReleaseCpuOnly|x86.Build.0 = Release|Any CPU
		{920E488B-9DDE-4AC0-863D-448645F9A15D}.Debug|Any CPU.ActiveCfg = Debug|Win32
		{920E488B-9DDE-4AC0-863D-448645F9A15D}.Debug|x64.ActiveCfg = Debug|x64
		{920E488B-9DDE-4AC0-863D-448645F9A15D}.Debug|x64.Build.0 = Debug|x64
		{920E488B-9DDE-4AC0-863D-448645F9A15D}.Debug|x86.ActiveCfg = Debug|Win32
		{920E488B-9DDE-4AC0-863D-448645F9A15D}.Debug|x86.Build.0 = Debug|Win32
		{920E488B-9DDE-4AC0-863D-448645F9A15D}.Release|Any CPU.ActiveCfg = Release|Win32
		{920E488B-9DDE-4AC0-863D-448645F9A15D}.Release|x64.ActiveCfg = Release|x64
		{920E488B-9DDE-4AC0-863D-448645F9A15D}.Release|x64.Build.0 = Release|x64
		{920E488B-9DDE-4AC0-863D-448645F9A15D}.Release|x86.ActiveCfg = Release|Win32
		{920E488B-9DDE-4AC0-863D-448645F9A15D}.Release|x86.Build.0 = Release|Win32
		{920E488B-9DDE-4AC0-863D-448645F9A15D}.ReleaseCpuOnly|Any CPU.ActiveCfg = ReleaseCpuOnly|Win32
		{920E488B-9DDE-4AC0-863D-448645F9A15D}.ReleaseCpuOnly|x64.ActiveCfg = ReleaseCpuOnly|x64
		{920E488B-9DDE-4AC0-863D-448645F9A15D}.ReleaseCpuOnly|x64.Build.0 = ReleaseCpuOnly|x64
		{920E488B-9DDE-4AC0-863D-448645F9A15D}.ReleaseCpuOnly|x86.ActiveCfg = ReleaseCpuOnly|Win32
		{920E488B-9DDE-4AC0-863D-448645F9A15D}.ReleaseCpuOnly|x86.Build.0 = ReleaseCpuOnly|Win32
		{D54B896D-B353-4D1D-8449-83A38F0097AD}.Debug|Any CPU.ActiveCfg = Debug|Any CPU
		{D54B896D-B353-4D1D-8449-83A38F0097AD}.Debug|Any CPU.Build.0 = Debug|Any CPU
		{D54B896D-B353-4D1D-8449-83A38F0097AD}.Debug|x64.ActiveCfg = Debug|Any CPU
		{D54B896D-B353-4D1D-8449-83A38F0097AD}.Debug|x64.Build.0 = Debug|Any CPU
		{D54B896D-B353-4D1D-8449-83A38F0097AD}.Debug|x86.ActiveCfg = Debug|Any CPU
		{D54B896D-B353-4D1D-8449-83A38F0097AD}.Debug|x86.Build.0 = Debug|Any CPU
		{D54B896D-B353-4D1D-8449-83A38F0097AD}.Release|Any CPU.ActiveCfg = Release|Any CPU
		{D54B896D-B353-4D1D-8449-83A38F0097AD}.Release|Any CPU.Build.0 = Release|Any CPU
		{D54B896D-B353-4D1D-8449-83A38F0097AD}.Release|x64.ActiveCfg = Release|Any CPU
		{D54B896D-B353-4D1D-8449-83A38F0097AD}.Release|x64.Build.0 = Release|Any CPU
		{D54B896D-B353-4D1D-8449-83A38F0097AD}.Release|x86.ActiveCfg = Release|Any CPU
		{D54B896D-B353-4D1D-8449-83A38F0097AD}.Release|x86.Build.0 = Release|Any CPU
		{D54B896D-B353-4D1D-8449-83A38F0097AD}.ReleaseCpuOnly|Any CPU.ActiveCfg = Release|Any CPU
		{D54B896D-B353-4D1D-8449-83A38F0097AD}.ReleaseCpuOnly|Any CPU.Build.0 = Release|Any CPU
		{D54B896D-B353-4D1D-8449-83A38F0097AD}.ReleaseCpuOnly|x64.ActiveCfg = Release|Any CPU
		{D54B896D-B353-4D1D-8449-83A38F0097AD}.ReleaseCpuOnly|x64.Build.0 = Release|Any CPU
		{D54B896D-B353-4D1D-8449-83A38F0097AD}.ReleaseCpuOnly|x86.ActiveCfg = Release|Any CPU
		{D54B896D-B353-4D1D-8449-83A38F0097AD}.ReleaseCpuOnly|x86.Build.0 = Release|Any CPU
		{0FE4AB2B-DD9A-4BB5-B1BE-825F05D26998}.Debug|Any CPU.ActiveCfg = Debug|Any CPU
		{0FE4AB2B-DD9A-4BB5-B1BE-825F05D26998}.Debug|Any CPU.Build.0 = Debug|Any CPU
		{0FE4AB2B-DD9A-4BB5-B1BE-825F05D26998}.Debug|x64.ActiveCfg = Debug|Any CPU
		{0FE4AB2B-DD9A-4BB5-B1BE-825F05D26998}.Debug|x64.Build.0 = Debug|Any CPU
		{0FE4AB2B-DD9A-4BB5-B1BE-825F05D26998}.Debug|x86.ActiveCfg = Debug|Any CPU
		{0FE4AB2B-DD9A-4BB5-B1BE-825F05D26998}.Debug|x86.Build.0 = Debug|Any CPU
		{0FE4AB2B-DD9A-4BB5-B1BE-825F05D26998}.Release|Any CPU.ActiveCfg = Release|Any CPU
		{0FE4AB2B-DD9A-4BB5-B1BE-825F05D26998}.Release|Any CPU.Build.0 = Release|Any CPU
		{0FE4AB2B-DD9A-4BB5-B1BE-825F05D26998}.Release|x64.ActiveCfg = Release|Any CPU
		{0FE4AB2B-DD9A-4BB5-B1BE-825F05D26998}.Release|x64.Build.0 = Release|Any CPU
		{0FE4AB2B-DD9A-4BB5-B1BE-825F05D26998}.Release|x86.ActiveCfg = Release|Any CPU
		{0FE4AB2B-DD9A-4BB5-B1BE-825F05D26998}.Release|x86.Build.0 = Release|Any CPU
		{0FE4AB2B-DD9A-4BB5-B1BE-825F05D26998}.ReleaseCpuOnly|Any CPU.ActiveCfg = Release|Any CPU
		{0FE4AB2B-DD9A-4BB5-B1BE-825F05D26998}.ReleaseCpuOnly|Any CPU.Build.0 = Release|Any CPU
		{0FE4AB2B-DD9A-4BB5-B1BE-825F05D26998}.ReleaseCpuOnly|x64.ActiveCfg = Release|Any CPU
		{0FE4AB2B-DD9A-4BB5-B1BE-825F05D26998}.ReleaseCpuOnly|x64.Build.0 = Release|Any CPU
		{0FE4AB2B-DD9A-4BB5-B1BE-825F05D26998}.ReleaseCpuOnly|x86.ActiveCfg = Release|Any CPU
		{0FE4AB2B-DD9A-4BB5-B1BE-825F05D26998}.ReleaseCpuOnly|x86.Build.0 = Release|Any CPU
		{AA0B87F0-F5FF-4AA2-B481-124F426EAE74}.Debug|Any CPU.ActiveCfg = Debug|Any CPU
		{AA0B87F0-F5FF-4AA2-B481-124F426EAE74}.Debug|Any CPU.Build.0 = Debug|Any CPU
		{AA0B87F0-F5FF-4AA2-B481-124F426EAE74}.Debug|x64.ActiveCfg = Debug|Any CPU
		{AA0B87F0-F5FF-4AA2-B481-124F426EAE74}.Debug|x64.Build.0 = Debug|Any CPU
		{AA0B87F0-F5FF-4AA2-B481-124F426EAE74}.Debug|x86.ActiveCfg = Debug|Any CPU
		{AA0B87F0-F5FF-4AA2-B481-124F426EAE74}.Debug|x86.Build.0 = Debug|Any CPU
		{AA0B87F0-F5FF-4AA2-B481-124F426EAE74}.Release|Any CPU.ActiveCfg = Release|Any CPU
		{AA0B87F0-F5FF-4AA2-B481-124F426EAE74}.Release|Any CPU.Build.0 = Release|Any CPU
		{AA0B87F0-F5FF-4AA2-B481-124F426EAE74}.Release|x64.ActiveCfg = Release|Any CPU
		{AA0B87F0-F5FF-4AA2-B481-124F426EAE74}.Release|x64.Build.0 = Release|Any CPU
		{AA0B87F0-F5FF-4AA2-B481-124F426EAE74}.Release|x86.ActiveCfg = Release|Any CPU
		{AA0B87F0-F5FF-4AA2-B481-124F426EAE74}.Release|x86.Build.0 = Release|Any CPU
		{AA0B87F0-F5FF-4AA2-B481-124F426EAE74}.ReleaseCpuOnly|Any CPU.ActiveCfg = Release|Any CPU
		{AA0B87F0-F5FF-4AA2-B481-124F426EAE74}.ReleaseCpuOnly|Any CPU.Build.0 = Release|Any CPU
		{AA0B87F0-F5FF-4AA2-B481-124F426EAE74}.ReleaseCpuOnly|x64.ActiveCfg = Release|Any CPU
		{AA0B87F0-F5FF-4AA2-B481-124F426EAE74}.ReleaseCpuOnly|x64.Build.0 = Release|Any CPU
		{AA0B87F0-F5FF-4AA2-B481-124F426EAE74}.ReleaseCpuOnly|x86.ActiveCfg = Release|Any CPU
		{AA0B87F0-F5FF-4AA2-B481-124F426EAE74}.ReleaseCpuOnly|x86.Build.0 = Release|Any CPU
		{2ABB8409-AA2B-46E9-9B7F-87C548201B4B}.Debug|Any CPU.ActiveCfg = Debug|Any CPU
		{2ABB8409-AA2B-46E9-9B7F-87C548201B4B}.Debug|Any CPU.Build.0 = Debug|Any CPU
		{2ABB8409-AA2B-46E9-9B7F-87C548201B4B}.Debug|x64.ActiveCfg = Debug|Any CPU
		{2ABB8409-AA2B-46E9-9B7F-87C548201B4B}.Debug|x64.Build.0 = Debug|Any CPU
		{2ABB8409-AA2B-46E9-9B7F-87C548201B4B}.Debug|x86.ActiveCfg = Debug|Any CPU
		{2ABB8409-AA2B-46E9-9B7F-87C548201B4B}.Debug|x86.Build.0 = Debug|Any CPU
		{2ABB8409-AA2B-46E9-9B7F-87C548201B4B}.Release|Any CPU.ActiveCfg = Release|Any CPU
		{2ABB8409-AA2B-46E9-9B7F-87C548201B4B}.Release|Any CPU.Build.0 = Release|Any CPU
		{2ABB8409-AA2B-46E9-9B7F-87C548201B4B}.Release|x64.ActiveCfg = Release|Any CPU
		{2ABB8409-AA2B-46E9-9B7F-87C548201B4B}.Release|x64.Build.0 = Release|Any CPU
		{2ABB8409-AA2B-46E9-9B7F-87C548201B4B}.Release|x86.ActiveCfg = Release|Any CPU
		{2ABB8409-AA2B-46E9-9B7F-87C548201B4B}.Release|x86.Build.0 = Release|Any CPU
		{2ABB8409-AA2B-46E9-9B7F-87C548201B4B}.ReleaseCpuOnly|Any CPU.ActiveCfg = Release|Any CPU
		{2ABB8409-AA2B-46E9-9B7F-87C548201B4B}.ReleaseCpuOnly|Any CPU.Build.0 = Release|Any CPU
		{2ABB8409-AA2B-46E9-9B7F-87C548201B4B}.ReleaseCpuOnly|x64.ActiveCfg = Release|Any CPU
		{2ABB8409-AA2B-46E9-9B7F-87C548201B4B}.ReleaseCpuOnly|x64.Build.0 = Release|Any CPU
		{2ABB8409-AA2B-46E9-9B7F-87C548201B4B}.ReleaseCpuOnly|x86.ActiveCfg = Release|Any CPU
		{2ABB8409-AA2B-46E9-9B7F-87C548201B4B}.ReleaseCpuOnly|x86.Build.0 = Release|Any CPU
		{26272325-E3CD-4B9B-9A6D-043607E7DA6C}.Debug|Any CPU.ActiveCfg = Debug|Any CPU
		{26272325-E3CD-4B9B-9A6D-043607E7DA6C}.Debug|Any CPU.Build.0 = Debug|Any CPU
		{26272325-E3CD-4B9B-9A6D-043607E7DA6C}.Debug|x64.ActiveCfg = Debug|Any CPU
		{26272325-E3CD-4B9B-9A6D-043607E7DA6C}.Debug|x64.Build.0 = Debug|Any CPU
		{26272325-E3CD-4B9B-9A6D-043607E7DA6C}.Debug|x86.ActiveCfg = Debug|Any CPU
		{26272325-E3CD-4B9B-9A6D-043607E7DA6C}.Debug|x86.Build.0 = Debug|Any CPU
		{26272325-E3CD-4B9B-9A6D-043607E7DA6C}.Release|Any CPU.ActiveCfg = Release|Any CPU
		{26272325-E3CD-4B9B-9A6D-043607E7DA6C}.Release|Any CPU.Build.0 = Release|Any CPU
		{26272325-E3CD-4B9B-9A6D-043607E7DA6C}.Release|x64.ActiveCfg = Release|Any CPU
		{26272325-E3CD-4B9B-9A6D-043607E7DA6C}.Release|x64.Build.0 = Release|Any CPU
		{26272325-E3CD-4B9B-9A6D-043607E7DA6C}.Release|x86.ActiveCfg = Release|Any CPU
		{26272325-E3CD-4B9B-9A6D-043607E7DA6C}.Release|x86.Build.0 = Release|Any CPU
		{26272325-E3CD-4B9B-9A6D-043607E7DA6C}.ReleaseCpuOnly|Any CPU.ActiveCfg = Release|Any CPU
		{26272325-E3CD-4B9B-9A6D-043607E7DA6C}.ReleaseCpuOnly|Any CPU.Build.0 = Release|Any CPU
		{26272325-E3CD-4B9B-9A6D-043607E7DA6C}.ReleaseCpuOnly|x64.ActiveCfg = Release|Any CPU
		{26272325-E3CD-4B9B-9A6D-043607E7DA6C}.ReleaseCpuOnly|x64.Build.0 = Release|Any CPU
		{26272325-E3CD-4B9B-9A6D-043607E7DA6C}.ReleaseCpuOnly|x86.ActiveCfg = Release|Any CPU
		{26272325-E3CD-4B9B-9A6D-043607E7DA6C}.ReleaseCpuOnly|x86.Build.0 = Release|Any CPU
		{B0B19B7E-FE8E-4CF9-B6A1-4EF9926DFFB3}.Debug|Any CPU.ActiveCfg = Debug|Any CPU
		{B0B19B7E-FE8E-4CF9-B6A1-4EF9926DFFB3}.Debug|Any CPU.Build.0 = Debug|Any CPU
		{B0B19B7E-FE8E-4CF9-B6A1-4EF9926DFFB3}.Debug|x64.ActiveCfg = Debug|Any CPU
		{B0B19B7E-FE8E-4CF9-B6A1-4EF9926DFFB3}.Debug|x64.Build.0 = Debug|Any CPU
		{B0B19B7E-FE8E-4CF9-B6A1-4EF9926DFFB3}.Debug|x86.ActiveCfg = Debug|Any CPU
		{B0B19B7E-FE8E-4CF9-B6A1-4EF9926DFFB3}.Debug|x86.Build.0 = Debug|Any CPU
		{B0B19B7E-FE8E-4CF9-B6A1-4EF9926DFFB3}.Release|Any CPU.ActiveCfg = Release|Any CPU
		{B0B19B7E-FE8E-4CF9-B6A1-4EF9926DFFB3}.Release|Any CPU.Build.0 = Release|Any CPU
		{B0B19B7E-FE8E-4CF9-B6A1-4EF9926DFFB3}.Release|x64.ActiveCfg = Release|Any CPU
		{B0B19B7E-FE8E-4CF9-B6A1-4EF9926DFFB3}.Release|x64.Build.0 = Release|Any CPU
		{B0B19B7E-FE8E-4CF9-B6A1-4EF9926DFFB3}.Release|x86.ActiveCfg = Release|Any CPU
		{B0B19B7E-FE8E-4CF9-B6A1-4EF9926DFFB3}.Release|x86.Build.0 = Release|Any CPU
		{B0B19B7E-FE8E-4CF9-B6A1-4EF9926DFFB3}.ReleaseCpuOnly|Any CPU.ActiveCfg = Release|Any CPU
		{B0B19B7E-FE8E-4CF9-B6A1-4EF9926DFFB3}.ReleaseCpuOnly|Any CPU.Build.0 = Release|Any CPU
		{B0B19B7E-FE8E-4CF9-B6A1-4EF9926DFFB3}.ReleaseCpuOnly|x64.ActiveCfg = Release|Any CPU
		{B0B19B7E-FE8E-4CF9-B6A1-4EF9926DFFB3}.ReleaseCpuOnly|x64.Build.0 = Release|Any CPU
		{B0B19B7E-FE8E-4CF9-B6A1-4EF9926DFFB3}.ReleaseCpuOnly|x86.ActiveCfg = Release|Any CPU
		{B0B19B7E-FE8E-4CF9-B6A1-4EF9926DFFB3}.ReleaseCpuOnly|x86.Build.0 = Release|Any CPU
		{8EAD509F-0740-4435-AC3A-11E6AE6864C9}.Debug|Any CPU.ActiveCfg = Debug|Any CPU
		{8EAD509F-0740-4435-AC3A-11E6AE6864C9}.Debug|Any CPU.Build.0 = Debug|Any CPU
		{8EAD509F-0740-4435-AC3A-11E6AE6864C9}.Debug|x64.ActiveCfg = Debug|Any CPU
		{8EAD509F-0740-4435-AC3A-11E6AE6864C9}.Debug|x64.Build.0 = Debug|Any CPU
		{8EAD509F-0740-4435-AC3A-11E6AE6864C9}.Debug|x86.ActiveCfg = Debug|Any CPU
		{8EAD509F-0740-4435-AC3A-11E6AE6864C9}.Debug|x86.Build.0 = Debug|Any CPU
		{8EAD509F-0740-4435-AC3A-11E6AE6864C9}.Release|Any CPU.ActiveCfg = Release|Any CPU
		{8EAD509F-0740-4435-AC3A-11E6AE6864C9}.Release|Any CPU.Build.0 = Release|Any CPU
		{8EAD509F-0740-4435-AC3A-11E6AE6864C9}.Release|x64.ActiveCfg = Release|Any CPU
		{8EAD509F-0740-4435-AC3A-11E6AE6864C9}.Release|x64.Build.0 = Release|Any CPU
		{8EAD509F-0740-4435-AC3A-11E6AE6864C9}.Release|x86.ActiveCfg = Release|Any CPU
		{8EAD509F-0740-4435-AC3A-11E6AE6864C9}.Release|x86.Build.0 = Release|Any CPU
		{8EAD509F-0740-4435-AC3A-11E6AE6864C9}.ReleaseCpuOnly|Any CPU.ActiveCfg = Release|Any CPU
		{8EAD509F-0740-4435-AC3A-11E6AE6864C9}.ReleaseCpuOnly|Any CPU.Build.0 = Release|Any CPU
		{8EAD509F-0740-4435-AC3A-11E6AE6864C9}.ReleaseCpuOnly|x64.ActiveCfg = Release|Any CPU
		{8EAD509F-0740-4435-AC3A-11E6AE6864C9}.ReleaseCpuOnly|x64.Build.0 = Release|Any CPU
		{8EAD509F-0740-4435-AC3A-11E6AE6864C9}.ReleaseCpuOnly|x86.ActiveCfg = Release|Any CPU
		{8EAD509F-0740-4435-AC3A-11E6AE6864C9}.ReleaseCpuOnly|x86.Build.0 = Release|Any CPU
	EndGlobalSection
	GlobalSection(SolutionProperties) = preSolution
		HideSolutionNode = FALSE
	EndGlobalSection
	GlobalSection(NestedProjects) = preSolution
		{01D50B42-415C-4E85-860D-DBBC4A759649} = {C2DFE174-7167-41D4-A8D2-EC8DC54AA71E}
		{D54B896D-B353-4D1D-8449-83A38F0097AD} = {C2DFE174-7167-41D4-A8D2-EC8DC54AA71E}
		{0FE4AB2B-DD9A-4BB5-B1BE-825F05D26998} = {C2DFE174-7167-41D4-A8D2-EC8DC54AA71E}
		{AA0B87F0-F5FF-4AA2-B481-124F426EAE74} = {C2DFE174-7167-41D4-A8D2-EC8DC54AA71E}
		{2ABB8409-AA2B-46E9-9B7F-87C548201B4B} = {C2DFE174-7167-41D4-A8D2-EC8DC54AA71E}
		{26272325-E3CD-4B9B-9A6D-043607E7DA6C} = {C2DFE174-7167-41D4-A8D2-EC8DC54AA71E}
		{8EAD509F-0740-4435-AC3A-11E6AE6864C9} = {22BAD359-B5F0-4A7C-A313-CC8F01B49FE9}
	EndGlobalSection
	GlobalSection(ExtensibilityGlobals) = postSolution
		SolutionGuid = {CAE1535E-6AF4-4CD0-8E90-EBACD99D865A}
	EndGlobalSection
EndGlobal
