
Microsoft Visual Studio Solution File, Format Version 12.00
# Visual Studio Version 17
VisualStudioVersion = 17.7.34221.43
MinimumVisualStudioVersion = 10.0.40219.1
Project("{FAE04EC0-301F-11D3-BF4B-00C04F79EFBC}") = "Seq2SeqSharpWF", "Seq2SeqSharpWF.csproj", "{67571880-96F1-4425-B56B-7CCF8EB00068}"
EndProject
Global
	GlobalSection(SolutionConfigurationPlatforms) = preSolution
		Debug|Any CPU = Debug|Any CPU
		Release|Any CPU = Release|Any CPU
	EndGlobalSection
	GlobalSection(ProjectConfigurationPlatforms) = postSolution
		{67571880-96F1-4425-B56B-7CCF8EB00068}.Debug|Any CPU.ActiveCfg = Debug|Any CPU
		{67571880-96F1-4425-B56B-7CCF8EB00068}.Debug|Any CPU.Build.0 = Debug|Any CPU
		{67571880-96F1-4425-B56B-7CCF8EB00068}.Release|Any CPU.ActiveCfg = Release|Any CPU
		{67571880-96F1-4425-B56B-7CCF8EB00068}.Release|Any CPU.Build.0 = Release|Any CPU
	EndGlobalSection
	GlobalSection(SolutionProperties) = preSolution
		HideSolutionNode = FALSE
	EndGlobalSection
	GlobalSection(ExtensibilityGlobals) = postSolution
		SolutionGuid = {FC826798-B09A-4EA3-B830-3CA2DF50CEA3}
	EndGlobalSection
EndGlobal
